
Microsoft Visual Studio Solution File, Format Version 12.00
# Visual Studio Version 17
VisualStudioVersion = 17.4.33205.214
MinimumVisualStudioVersion = 10.0.40219.1
Project("{9A19103F-16F7-4668-BE54-9A1E7A4F7556}") = "EF6SQLite_Roulette", "EF6SQLite_Roulette.csproj", "{003DD4F9-F79C-426D-9490-4C47D5F19D40}"
EndProject
Project("{FAE04EC0-301F-11D3-BF4B-00C04F79EFBC}") = "EF6SQL_Roulette.Test", "..\EF6SQL_Roulette.Test\EF6SQL_Roulette.Test.csproj", "{C199116D-6493-434A-BFFA-516D88D9F411}"
EndProject
Global
	GlobalSection(SolutionConfigurationPlatforms) = preSolution
		Debug|Any CPU = Debug|Any CPU
		Release|Any CPU = Release|Any CPU
	EndGlobalSection
	GlobalSection(ProjectConfigurationPlatforms) = postSolution
		{003DD4F9-F79C-426D-9490-4C47D5F19D40}.Debug|Any CPU.ActiveCfg = Debug|Any CPU
		{003DD4F9-F79C-426D-9490-4C47D5F19D40}.Debug|Any CPU.Build.0 = Debug|Any CPU
		{003DD4F9-F79C-426D-9490-4C47D5F19D40}.Release|Any CPU.ActiveCfg = Release|Any CPU
		{003DD4F9-F79C-426D-9490-4C47D5F19D40}.Release|Any CPU.Build.0 = Release|Any CPU
		{C199116D-6493-434A-BFFA-516D88D9F411}.Debug|Any CPU.ActiveCfg = Debug|Any CPU
		{C199116D-6493-434A-BFFA-516D88D9F411}.Debug|Any CPU.Build.0 = Debug|Any CPU
		{C199116D-6493-434A-BFFA-516D88D9F411}.Release|Any CPU.ActiveCfg = Release|Any CPU
		{C199116D-6493-434A-BFFA-516D88D9F411}.Release|Any CPU.Build.0 = Release|Any CPU
	EndGlobalSection
	GlobalSection(SolutionProperties) = preSolution
		HideSolutionNode = FALSE
	EndGlobalSection
	GlobalSection(ExtensibilityGlobals) = postSolution
		SolutionGuid = {A9B3EF0A-47A6-4F87-A6FA-A846B382383C}
	EndGlobalSection
EndGlobal
